
Microsoft Visual Studio Solution File, Format Version 12.00
# Visual Studio Version 16
VisualStudioVersion = 16.0.29519.181
MinimumVisualStudioVersion = 10.0.40219.1
Project("{9A19103F-16F7-4668-BE54-9A1E7A4F7556}") = "Nest.BaseCore.Api", "Nest.BaseCore.Api\Nest.BaseCore.Api.csproj", "{D5787D64-432F-4551-9B14-BF1447E3750D}"
EndProject
Project("{9A19103F-16F7-4668-BE54-9A1E7A4F7556}") = "Nest.BaseCore.Common", "Nest.BaseCore.Common\Nest.BaseCore.Common.csproj", "{64D41248-597B-4085-AB49-1335F1C06838}"
EndProject
Project("{9A19103F-16F7-4668-BE54-9A1E7A4F7556}") = "Nest.BaseCore.Aop", "Nest.BaseCore.Aop\Nest.BaseCore.Aop.csproj", "{9F2AFC61-1B2D-40A8-B985-9349B7453707}"
EndProject
Project("{9A19103F-16F7-4668-BE54-9A1E7A4F7556}") = "Nest.BaseCore.Cache", "Nest.BaseCore.Cache\Nest.BaseCore.Cache.csproj", "{9A2505C9-4D59-44FB-A364-C6BB5AE917ED}"
EndProject
Project("{9A19103F-16F7-4668-BE54-9A1E7A4F7556}") = "Nest.BaseCore.Domain", "Nest.BaseCore.Domain\Nest.BaseCore.Domain.csproj", "{0948B153-D40C-4DC4-BE5D-7C8F540A2FE8}"
EndProject
Project("{9A19103F-16F7-4668-BE54-9A1E7A4F7556}") = "Nest.BaseCore.Log", "Nest.BaseCore.Log\Nest.BaseCore.Log.csproj", "{4D8CC385-D5E0-4A87-B405-031B8DE90A7B}"
EndProject
Project("{9A19103F-16F7-4668-BE54-9A1E7A4F7556}") = "Nest.BaseCore.Repository", "Nest.BaseCore.Repository\Nest.BaseCore.Repository.csproj", "{1E24593F-0E82-47A8-92F3-56AEB8474008}"
EndProject
Project("{9A19103F-16F7-4668-BE54-9A1E7A4F7556}") = "Nest.BaseCore.Service", "Nest.BaseCore.Service\Nest.BaseCore.Service.csproj", "{0969E051-6301-4102-9A34-110FE18C450E}"
EndProject
Project("{9A19103F-16F7-4668-BE54-9A1E7A4F7556}") = "Nest.BaseCore.Test", "Nest.BaseCore.Test\Nest.BaseCore.Test.csproj", "{04715681-FAAF-4952-953A-95818EB615D0}"
EndProject
Project("{9A19103F-16F7-4668-BE54-9A1E7A4F7556}") = "Nest.BaseCore.Web", "Nest.BaseCore.Web\Nest.BaseCore.Web.csproj", "{5C4154F3-F4C1-439A-9D57-FE58583D61D4}"
EndProject
Project("{2150E333-8FDC-42A3-9474-1A3956D46DE8}") = "1.应用层", "1.应用层", "{2AA06D17-4B36-454B-8442-C373DDA811C6}"
EndProject
Project("{2150E333-8FDC-42A3-9474-1A3956D46DE8}") = "2.领域层", "2.领域层", "{4DA42585-D459-4900-BCF7-8581015DA1BC}"
EndProject
Project("{2150E333-8FDC-42A3-9474-1A3956D46DE8}") = "3.业务逻辑层", "3.业务逻辑层", "{28281AFA-C8C5-4463-B12B-F0122DD6E808}"
EndProject
Project("{2150E333-8FDC-42A3-9474-1A3956D46DE8}") = "4.仓储层", "4.仓储层", "{3FF21A6C-BED4-405B-9711-5B6618EF06E6}"
EndProject
Project("{2150E333-8FDC-42A3-9474-1A3956D46DE8}") = "5.基础设施层", "5.基础设施层", "{B8494E97-9BB7-4F69-93A9-16E97DB4028A}"
EndProject
Project("{2150E333-8FDC-42A3-9474-1A3956D46DE8}") = "6.单元测试", "6.单元测试", "{8DEB08F5-FF91-42D3-9E3F-4FFF01558E82}"
EndProject
Project("{FAE04EC0-301F-11D3-BF4B-00C04F79EFBC}") = "Nest.BaseCore.ApiTest", "Nest.BaseCore.ApiTest\Nest.BaseCore.ApiTest.csproj", "{21B406AC-7781-4B66-A9B5-E3E01FCD284F}"
EndProject
Global
	GlobalSection(SolutionConfigurationPlatforms) = preSolution
		Debug|Any CPU = Debug|Any CPU
		Release|Any CPU = Release|Any CPU
	EndGlobalSection
	GlobalSection(ProjectConfigurationPlatforms) = postSolution
		{D5787D64-432F-4551-9B14-BF1447E3750D}.Debug|Any CPU.ActiveCfg = Debug|Any CPU
		{D5787D64-432F-4551-9B14-BF1447E3750D}.Debug|Any CPU.Build.0 = Debug|Any CPU
		{D5787D64-432F-4551-9B14-BF1447E3750D}.Release|Any CPU.ActiveCfg = Release|Any CPU
		{D5787D64-432F-4551-9B14-BF1447E3750D}.Release|Any CPU.Build.0 = Release|Any CPU
		{64D41248-597B-4085-AB49-1335F1C06838}.Debug|Any CPU.ActiveCfg = Debug|Any CPU
		{64D41248-597B-4085-AB49-1335F1C06838}.Debug|Any CPU.Build.0 = Debug|Any CPU
		{64D41248-597B-4085-AB49-1335F1C06838}.Release|Any CPU.ActiveCfg = Release|Any CPU
		{64D41248-597B-4085-AB49-1335F1C06838}.Release|Any CPU.Build.0 = Release|Any CPU
		{9F2AFC61-1B2D-40A8-B985-9349B7453707}.Debug|Any CPU.ActiveCfg = Debug|Any CPU
		{9F2AFC61-1B2D-40A8-B985-9349B7453707}.Debug|Any CPU.Build.0 = Debug|Any CPU
		{9F2AFC61-1B2D-40A8-B985-9349B7453707}.Release|Any CPU.ActiveCfg = Release|Any CPU
		{9F2AFC61-1B2D-40A8-B985-9349B7453707}.Release|Any CPU.Build.0 = Release|Any CPU
		{9A2505C9-4D59-44FB-A364-C6BB5AE917ED}.Debug|Any CPU.ActiveCfg = Debug|Any CPU
		{9A2505C9-4D59-44FB-A364-C6BB5AE917ED}.Debug|Any CPU.Build.0 = Debug|Any CPU
		{9A2505C9-4D59-44FB-A364-C6BB5AE917ED}.Release|Any CPU.ActiveCfg = Release|Any CPU
		{9A2505C9-4D59-44FB-A364-C6BB5AE917ED}.Release|Any CPU.Build.0 = Release|Any CPU
		{0948B153-D40C-4DC4-BE5D-7C8F540A2FE8}.Debug|Any CPU.ActiveCfg = Debug|Any CPU
		{0948B153-D40C-4DC4-BE5D-7C8F540A2FE8}.Debug|Any CPU.Build.0 = Debug|Any CPU
		{0948B153-D40C-4DC4-BE5D-7C8F540A2FE8}.Release|Any CPU.ActiveCfg = Release|Any CPU
		{0948B153-D40C-4DC4-BE5D-7C8F540A2FE8}.Release|Any CPU.Build.0 = Release|Any CPU
		{4D8CC385-D5E0-4A87-B405-031B8DE90A7B}.Debug|Any CPU.ActiveCfg = Debug|Any CPU
		{4D8CC385-D5E0-4A87-B405-031B8DE90A7B}.Debug|Any CPU.Build.0 = Debug|Any CPU
		{4D8CC385-D5E0-4A87-B405-031B8DE90A7B}.Release|Any CPU.ActiveCfg = Release|Any CPU
		{4D8CC385-D5E0-4A87-B405-031B8DE90A7B}.Release|Any CPU.Build.0 = Release|Any CPU
		{1E24593F-0E82-47A8-92F3-56AEB8474008}.Debug|Any CPU.ActiveCfg = Debug|Any CPU
		{1E24593F-0E82-47A8-92F3-56AEB8474008}.Debug|Any CPU.Build.0 = Debug|Any CPU
		{1E24593F-0E82-47A8-92F3-56AEB8474008}.Release|Any CPU.ActiveCfg = Release|Any CPU
		{1E24593F-0E82-47A8-92F3-56AEB8474008}.Release|Any CPU.Build.0 = Release|Any CPU
		{0969E051-6301-4102-9A34-110FE18C450E}.Debug|Any CPU.ActiveCfg = Debug|Any CPU
		{0969E051-6301-4102-9A34-110FE18C450E}.Debug|Any CPU.Build.0 = Debug|Any CPU
		{0969E051-6301-4102-9A34-110FE18C450E}.Release|Any CPU.ActiveCfg = Release|Any CPU
		{0969E051-6301-4102-9A34-110FE18C450E}.Release|Any CPU.Build.0 = Release|Any CPU
		{04715681-FAAF-4952-953A-95818EB615D0}.Debug|Any CPU.ActiveCfg = Debug|Any CPU
		{04715681-FAAF-4952-953A-95818EB615D0}.Debug|Any CPU.Build.0 = Debug|Any CPU
		{04715681-FAAF-4952-953A-95818EB615D0}.Release|Any CPU.ActiveCfg = Release|Any CPU
		{04715681-FAAF-4952-953A-95818EB615D0}.Release|Any CPU.Build.0 = Release|Any CPU
		{5C4154F3-F4C1-439A-9D57-FE58583D61D4}.Debug|Any CPU.ActiveCfg = Debug|Any CPU
		{5C4154F3-F4C1-439A-9D57-FE58583D61D4}.Debug|Any CPU.Build.0 = Debug|Any CPU
		{5C4154F3-F4C1-439A-9D57-FE58583D61D4}.Release|Any CPU.ActiveCfg = Release|Any CPU
		{5C4154F3-F4C1-439A-9D57-FE58583D61D4}.Release|Any CPU.Build.0 = Release|Any CPU
		{21B406AC-7781-4B66-A9B5-E3E01FCD284F}.Debug|Any CPU.ActiveCfg = Debug|Any CPU
		{21B406AC-7781-4B66-A9B5-E3E01FCD284F}.Debug|Any CPU.Build.0 = Debug|Any CPU
		{21B406AC-7781-4B66-A9B5-E3E01FCD284F}.Release|Any CPU.ActiveCfg = Release|Any CPU
		{21B406AC-7781-4B66-A9B5-E3E01FCD284F}.Release|Any CPU.Build.0 = Release|Any CPU
	EndGlobalSection
	GlobalSection(SolutionProperties) = preSolution
		HideSolutionNode = FALSE
	EndGlobalSection
	GlobalSection(NestedProjects) = preSolution
		{D5787D64-432F-4551-9B14-BF1447E3750D} = {2AA06D17-4B36-454B-8442-C373DDA811C6}
		{64D41248-597B-4085-AB49-1335F1C06838} = {B8494E97-9BB7-4F69-93A9-16E97DB4028A}
		{9F2AFC61-1B2D-40A8-B985-9349B7453707} = {B8494E97-9BB7-4F69-93A9-16E97DB4028A}
		{9A2505C9-4D59-44FB-A364-C6BB5AE917ED} = {B8494E97-9BB7-4F69-93A9-16E97DB4028A}
		{0948B153-D40C-4DC4-BE5D-7C8F540A2FE8} = {4DA42585-D459-4900-BCF7-8581015DA1BC}
		{4D8CC385-D5E0-4A87-B405-031B8DE90A7B} = {B8494E97-9BB7-4F69-93A9-16E97DB4028A}
		{1E24593F-0E82-47A8-92F3-56AEB8474008} = {3FF21A6C-BED4-405B-9711-5B6618EF06E6}
		{0969E051-6301-4102-9A34-110FE18C450E} = {28281AFA-C8C5-4463-B12B-F0122DD6E808}
		{04715681-FAAF-4952-953A-95818EB615D0} = {8DEB08F5-FF91-42D3-9E3F-4FFF01558E82}
		{5C4154F3-F4C1-439A-9D57-FE58583D61D4} = {2AA06D17-4B36-454B-8442-C373DDA811C6}
		{21B406AC-7781-4B66-A9B5-E3E01FCD284F} = {2AA06D17-4B36-454B-8442-C373DDA811C6}
	EndGlobalSection
	GlobalSection(ExtensibilityGlobals) = postSolution
		SolutionGuid = {CBE6442F-48F9-43D7-8FD4-4000D676D3FA}
	EndGlobalSection
EndGlobal
