
Microsoft Visual Studio Solution File, Format Version 12.00
# Visual Studio Version 16
VisualStudioVersion = 16.0.29519.181
MinimumVisualStudioVersion = 10.0.40219.1
Project("{2150E333-8FDC-42A3-9474-1A3956D46DE8}") = "0.网关", "0.网关", "{6D77697B-F5FF-4B3A-8288-A0E92CE1833F}"
EndProject
Project("{2150E333-8FDC-42A3-9474-1A3956D46DE8}") = "1.应用层", "1.应用层", "{456E39EC-A4AD-4B40-8F4D-33246B46F929}"
EndProject
Project("{2150E333-8FDC-42A3-9474-1A3956D46DE8}") = "2.领域层", "2.领域层", "{A69D4B5E-4C4E-4DC8-A5DE-E058DD51A717}"
EndProject
Project("{2150E333-8FDC-42A3-9474-1A3956D46DE8}") = "3.业务逻辑层", "3.业务逻辑层", "{E0666F10-2664-46D6-9F81-A7096807A0F1}"
EndProject
Project("{2150E333-8FDC-42A3-9474-1A3956D46DE8}") = "4.仓储层", "4.仓储层", "{F9D657AC-941F-430B-AAA7-0E0B57E00FE4}"
EndProject
Project("{2150E333-8FDC-42A3-9474-1A3956D46DE8}") = "5.基础设施层", "5.基础设施层", "{B9303CFE-C742-474E-AAE9-3D05B57C7125}"
EndProject
Project("{2150E333-8FDC-42A3-9474-1A3956D46DE8}") = "6.单元测试", "6.单元测试", "{9009466F-6043-4769-91E7-FD6D532F9152}"
EndProject
Project("{9A19103F-16F7-4668-BE54-9A1E7A4F7556}") = "Nest.BaseCore.Database", "Nest.BaseCore.Database\Nest.BaseCore.Database.csproj", "{FF5C64E2-7FC3-4438-85B2-F8F00FE9CA62}"
EndProject
Project("{9A19103F-16F7-4668-BE54-9A1E7A4F7556}") = "Nest.BaseCore.Common", "Nest.BaseCore.Common\Nest.BaseCore.Common.csproj", "{BDF6C2EE-6EE8-4B84-8130-0C3A966B4F97}"
EndProject
Project("{9A19103F-16F7-4668-BE54-9A1E7A4F7556}") = "Nest.BaseCore.Cache", "Nest.BaseCore.Cache\Nest.BaseCore.Cache.csproj", "{D4D2AC88-5800-4BF7-9314-EDFBAA336954}"
EndProject
Project("{9A19103F-16F7-4668-BE54-9A1E7A4F7556}") = "Nest.BaseCore.Aop", "Nest.BaseCore.Aop\Nest.BaseCore.Aop.csproj", "{0206CB71-C86E-4854-8B3B-1293B9088BD1}"
EndProject
Project("{9A19103F-16F7-4668-BE54-9A1E7A4F7556}") = "Nest.BaseCore.Log", "Nest.BaseCore.Log\Nest.BaseCore.Log.csproj", "{50D638E1-5A6A-47D2-8B96-11FADE35174C}"
EndProject
Project("{9A19103F-16F7-4668-BE54-9A1E7A4F7556}") = "Nest.BaseCore.Repository", "Nest.BaseCore.Repository\Nest.BaseCore.Repository.csproj", "{3155E4A6-F356-4276-B988-1C6271B954A3}"
EndProject
Project("{9A19103F-16F7-4668-BE54-9A1E7A4F7556}") = "Nest.BaseCore.BusinessLogic", "Nest.BaseCore.BusinessLogic\Nest.BaseCore.BusinessLogic.csproj", "{E38DFD22-E1EB-4C9D-ADE5-0CF0F09D8C86}"
EndProject
Project("{9A19103F-16F7-4668-BE54-9A1E7A4F7556}") = "Nest.BaseCore.Domain", "Nest.BaseCore.Domain\Nest.BaseCore.Domain.csproj", "{D0CEC342-6786-4FB0-9BAB-47F70C963335}"
EndProject
Project("{9A19103F-16F7-4668-BE54-9A1E7A4F7556}") = "Nest.BaseCore.Api", "Nest.BaseCore.Api\Nest.BaseCore.Api.csproj", "{938B9051-570F-4653-9C30-765518B6AC52}"
EndProject
Project("{9A19103F-16F7-4668-BE54-9A1E7A4F7556}") = "Nest.BaseCore.Web", "Nest.BaseCore.Web\Nest.BaseCore.Web.csproj", "{A9B25561-2163-4CF1-AAFB-B22DCEB412EF}"
EndProject
Project("{9A19103F-16F7-4668-BE54-9A1E7A4F7556}") = "UnitTestProject1", "UnitTestProject1\UnitTestProject1.csproj", "{BB92EB45-42CF-42EE-8F2D-C61C098D59CD}"
EndProject
Project("{9A19103F-16F7-4668-BE54-9A1E7A4F7556}") = "Nest.BaseCore.Gateway", "Nest.BaseCore.Gateway\Nest.BaseCore.Gateway.csproj", "{35FE47D0-2D63-4810-BEB3-AC06C407D615}"
EndProject
Project("{9A19103F-16F7-4668-BE54-9A1E7A4F7556}") = "Nest.BaseCore.FirstApi", "Nest.BaseCore.FirstApi\Nest.BaseCore.FirstApi.csproj", "{DCE6D258-F2D2-4C3C-BB0A-97EED9DFAD11}"
EndProject
Project("{9A19103F-16F7-4668-BE54-9A1E7A4F7556}") = "Nest.BaseCore.SecondApi", "Nest.BaseCore.SecondApi\Nest.BaseCore.SecondApi.csproj", "{7F712262-D52B-4ABF-854A-9B8FB4B53699}"
EndProject
Project("{9A19103F-16F7-4668-BE54-9A1E7A4F7556}") = "Nest.BaseCore.NLogger", "Nest.BaseCore.NLog\Nest.BaseCore.NLogger.csproj", "{EAD71000-48B4-4911-A4E3-8345C8F7591F}"
EndProject
Project("{9A19103F-16F7-4668-BE54-9A1E7A4F7556}") = "Nest.BaseCore.Dapper", "Nest.BaseCore.Dapper\Nest.BaseCore.Dapper.csproj", "{B468BF14-2F1D-4CC3-B224-7A004883AA28}"
EndProject
Project("{9A19103F-16F7-4668-BE54-9A1E7A4F7556}") = "Nest.BaseCore.RepositoryDapper", "Nest.BaseCore.RepositoryDapper\Nest.BaseCore.RepositoryDapper.csproj", "{B73E7ED2-D660-4729-AB72-3562748D4F64}"
EndProject
Project("{FAE04EC0-301F-11D3-BF4B-00C04F79EFBC}") = "Nest.BaseCore.ElasticSearch", "Nest.BaseCore.ElasticSearch\Nest.BaseCore.ElasticSearch.csproj", "{99F1029D-0417-483D-A1E3-B74AE61664EC}"
EndProject
Project("{FAE04EC0-301F-11D3-BF4B-00C04F79EFBC}") = "Nest.BaseCore.RepositoryEs", "Nest.BaseCore.RepositoryEs\Nest.BaseCore.RepositoryEs.csproj", "{583F2D41-1833-40F7-AC04-6BDC52EEB754}"
EndProject
Global
	GlobalSection(SolutionConfigurationPlatforms) = preSolution
		Debug|Any CPU = Debug|Any CPU
		Release|Any CPU = Release|Any CPU
	EndGlobalSection
	GlobalSection(ProjectConfigurationPlatforms) = postSolution
		{FF5C64E2-7FC3-4438-85B2-F8F00FE9CA62}.Debug|Any CPU.ActiveCfg = Debug|Any CPU
		{FF5C64E2-7FC3-4438-85B2-F8F00FE9CA62}.Debug|Any CPU.Build.0 = Debug|Any CPU
		{FF5C64E2-7FC3-4438-85B2-F8F00FE9CA62}.Release|Any CPU.ActiveCfg = Release|Any CPU
		{FF5C64E2-7FC3-4438-85B2-F8F00FE9CA62}.Release|Any CPU.Build.0 = Release|Any CPU
		{BDF6C2EE-6EE8-4B84-8130-0C3A966B4F97}.Debug|Any CPU.ActiveCfg = Debug|Any CPU
		{BDF6C2EE-6EE8-4B84-8130-0C3A966B4F97}.Debug|Any CPU.Build.0 = Debug|Any CPU
		{BDF6C2EE-6EE8-4B84-8130-0C3A966B4F97}.Release|Any CPU.ActiveCfg = Release|Any CPU
		{BDF6C2EE-6EE8-4B84-8130-0C3A966B4F97}.Release|Any CPU.Build.0 = Release|Any CPU
		{D4D2AC88-5800-4BF7-9314-EDFBAA336954}.Debug|Any CPU.ActiveCfg = Debug|Any CPU
		{D4D2AC88-5800-4BF7-9314-EDFBAA336954}.Debug|Any CPU.Build.0 = Debug|Any CPU
		{D4D2AC88-5800-4BF7-9314-EDFBAA336954}.Release|Any CPU.ActiveCfg = Release|Any CPU
		{D4D2AC88-5800-4BF7-9314-EDFBAA336954}.Release|Any CPU.Build.0 = Release|Any CPU
		{0206CB71-C86E-4854-8B3B-1293B9088BD1}.Debug|Any CPU.ActiveCfg = Debug|Any CPU
		{0206CB71-C86E-4854-8B3B-1293B9088BD1}.Debug|Any CPU.Build.0 = Debug|Any CPU
		{0206CB71-C86E-4854-8B3B-1293B9088BD1}.Release|Any CPU.ActiveCfg = Release|Any CPU
		{0206CB71-C86E-4854-8B3B-1293B9088BD1}.Release|Any CPU.Build.0 = Release|Any CPU
		{50D638E1-5A6A-47D2-8B96-11FADE35174C}.Debug|Any CPU.ActiveCfg = Debug|Any CPU
		{50D638E1-5A6A-47D2-8B96-11FADE35174C}.Debug|Any CPU.Build.0 = Debug|Any CPU
		{50D638E1-5A6A-47D2-8B96-11FADE35174C}.Release|Any CPU.ActiveCfg = Release|Any CPU
		{50D638E1-5A6A-47D2-8B96-11FADE35174C}.Release|Any CPU.Build.0 = Release|Any CPU
		{3155E4A6-F356-4276-B988-1C6271B954A3}.Debug|Any CPU.ActiveCfg = Debug|Any CPU
		{3155E4A6-F356-4276-B988-1C6271B954A3}.Debug|Any CPU.Build.0 = Debug|Any CPU
		{3155E4A6-F356-4276-B988-1C6271B954A3}.Release|Any CPU.ActiveCfg = Release|Any CPU
		{3155E4A6-F356-4276-B988-1C6271B954A3}.Release|Any CPU.Build.0 = Release|Any CPU
		{E38DFD22-E1EB-4C9D-ADE5-0CF0F09D8C86}.Debug|Any CPU.ActiveCfg = Debug|Any CPU
		{E38DFD22-E1EB-4C9D-ADE5-0CF0F09D8C86}.Debug|Any CPU.Build.0 = Debug|Any CPU
		{E38DFD22-E1EB-4C9D-ADE5-0CF0F09D8C86}.Release|Any CPU.ActiveCfg = Release|Any CPU
		{E38DFD22-E1EB-4C9D-ADE5-0CF0F09D8C86}.Release|Any CPU.Build.0 = Release|Any CPU
		{D0CEC342-6786-4FB0-9BAB-47F70C963335}.Debug|Any CPU.ActiveCfg = Debug|Any CPU
		{D0CEC342-6786-4FB0-9BAB-47F70C963335}.Debug|Any CPU.Build.0 = Debug|Any CPU
		{D0CEC342-6786-4FB0-9BAB-47F70C963335}.Release|Any CPU.ActiveCfg = Release|Any CPU
		{D0CEC342-6786-4FB0-9BAB-47F70C963335}.Release|Any CPU.Build.0 = Release|Any CPU
		{938B9051-570F-4653-9C30-765518B6AC52}.Debug|Any CPU.ActiveCfg = Debug|Any CPU
		{938B9051-570F-4653-9C30-765518B6AC52}.Debug|Any CPU.Build.0 = Debug|Any CPU
		{938B9051-570F-4653-9C30-765518B6AC52}.Release|Any CPU.ActiveCfg = Release|Any CPU
		{938B9051-570F-4653-9C30-765518B6AC52}.Release|Any CPU.Build.0 = Release|Any CPU
		{A9B25561-2163-4CF1-AAFB-B22DCEB412EF}.Debug|Any CPU.ActiveCfg = Debug|Any CPU
		{A9B25561-2163-4CF1-AAFB-B22DCEB412EF}.Debug|Any CPU.Build.0 = Debug|Any CPU
		{A9B25561-2163-4CF1-AAFB-B22DCEB412EF}.Release|Any CPU.ActiveCfg = Release|Any CPU
		{A9B25561-2163-4CF1-AAFB-B22DCEB412EF}.Release|Any CPU.Build.0 = Release|Any CPU
		{BB92EB45-42CF-42EE-8F2D-C61C098D59CD}.Debug|Any CPU.ActiveCfg = Debug|Any CPU
		{BB92EB45-42CF-42EE-8F2D-C61C098D59CD}.Debug|Any CPU.Build.0 = Debug|Any CPU
		{BB92EB45-42CF-42EE-8F2D-C61C098D59CD}.Release|Any CPU.ActiveCfg = Release|Any CPU
		{BB92EB45-42CF-42EE-8F2D-C61C098D59CD}.Release|Any CPU.Build.0 = Release|Any CPU
		{35FE47D0-2D63-4810-BEB3-AC06C407D615}.Debug|Any CPU.ActiveCfg = Debug|Any CPU
		{35FE47D0-2D63-4810-BEB3-AC06C407D615}.Debug|Any CPU.Build.0 = Debug|Any CPU
		{35FE47D0-2D63-4810-BEB3-AC06C407D615}.Release|Any CPU.ActiveCfg = Release|Any CPU
		{35FE47D0-2D63-4810-BEB3-AC06C407D615}.Release|Any CPU.Build.0 = Release|Any CPU
		{DCE6D258-F2D2-4C3C-BB0A-97EED9DFAD11}.Debug|Any CPU.ActiveCfg = Debug|Any CPU
		{DCE6D258-F2D2-4C3C-BB0A-97EED9DFAD11}.Debug|Any CPU.Build.0 = Debug|Any CPU
		{DCE6D258-F2D2-4C3C-BB0A-97EED9DFAD11}.Release|Any CPU.ActiveCfg = Release|Any CPU
		{DCE6D258-F2D2-4C3C-BB0A-97EED9DFAD11}.Release|Any CPU.Build.0 = Release|Any CPU
		{7F712262-D52B-4ABF-854A-9B8FB4B53699}.Debug|Any CPU.ActiveCfg = Debug|Any CPU
		{7F712262-D52B-4ABF-854A-9B8FB4B53699}.Debug|Any CPU.Build.0 = Debug|Any CPU
		{7F712262-D52B-4ABF-854A-9B8FB4B53699}.Release|Any CPU.ActiveCfg = Release|Any CPU
		{7F712262-D52B-4ABF-854A-9B8FB4B53699}.Release|Any CPU.Build.0 = Release|Any CPU
		{EAD71000-48B4-4911-A4E3-8345C8F7591F}.Debug|Any CPU.ActiveCfg = Debug|Any CPU
		{EAD71000-48B4-4911-A4E3-8345C8F7591F}.Debug|Any CPU.Build.0 = Debug|Any CPU
		{EAD71000-48B4-4911-A4E3-8345C8F7591F}.Release|Any CPU.ActiveCfg = Release|Any CPU
		{EAD71000-48B4-4911-A4E3-8345C8F7591F}.Release|Any CPU.Build.0 = Release|Any CPU
		{B468BF14-2F1D-4CC3-B224-7A004883AA28}.Debug|Any CPU.ActiveCfg = Debug|Any CPU
		{B468BF14-2F1D-4CC3-B224-7A004883AA28}.Debug|Any CPU.Build.0 = Debug|Any CPU
		{B468BF14-2F1D-4CC3-B224-7A004883AA28}.Release|Any CPU.ActiveCfg = Release|Any CPU
		{B468BF14-2F1D-4CC3-B224-7A004883AA28}.Release|Any CPU.Build.0 = Release|Any CPU
		{B73E7ED2-D660-4729-AB72-3562748D4F64}.Debug|Any CPU.ActiveCfg = Debug|Any CPU
		{B73E7ED2-D660-4729-AB72-3562748D4F64}.Debug|Any CPU.Build.0 = Debug|Any CPU
		{B73E7ED2-D660-4729-AB72-3562748D4F64}.Release|Any CPU.ActiveCfg = Release|Any CPU
		{B73E7ED2-D660-4729-AB72-3562748D4F64}.Release|Any CPU.Build.0 = Release|Any CPU
		{99F1029D-0417-483D-A1E3-B74AE61664EC}.Debug|Any CPU.ActiveCfg = Debug|Any CPU
		{99F1029D-0417-483D-A1E3-B74AE61664EC}.Debug|Any CPU.Build.0 = Debug|Any CPU
		{99F1029D-0417-483D-A1E3-B74AE61664EC}.Release|Any CPU.ActiveCfg = Release|Any CPU
		{99F1029D-0417-483D-A1E3-B74AE61664EC}.Release|Any CPU.Build.0 = Release|Any CPU
		{583F2D41-1833-40F7-AC04-6BDC52EEB754}.Debug|Any CPU.ActiveCfg = Debug|Any CPU
		{583F2D41-1833-40F7-AC04-6BDC52EEB754}.Debug|Any CPU.Build.0 = Debug|Any CPU
		{583F2D41-1833-40F7-AC04-6BDC52EEB754}.Release|Any CPU.ActiveCfg = Release|Any CPU
		{583F2D41-1833-40F7-AC04-6BDC52EEB754}.Release|Any CPU.Build.0 = Release|Any CPU
	EndGlobalSection
	GlobalSection(SolutionProperties) = preSolution
		HideSolutionNode = FALSE
	EndGlobalSection
	GlobalSection(NestedProjects) = preSolution
		{FF5C64E2-7FC3-4438-85B2-F8F00FE9CA62} = {B9303CFE-C742-474E-AAE9-3D05B57C7125}
		{BDF6C2EE-6EE8-4B84-8130-0C3A966B4F97} = {B9303CFE-C742-474E-AAE9-3D05B57C7125}
		{D4D2AC88-5800-4BF7-9314-EDFBAA336954} = {B9303CFE-C742-474E-AAE9-3D05B57C7125}
		{0206CB71-C86E-4854-8B3B-1293B9088BD1} = {B9303CFE-C742-474E-AAE9-3D05B57C7125}
		{50D638E1-5A6A-47D2-8B96-11FADE35174C} = {B9303CFE-C742-474E-AAE9-3D05B57C7125}
		{3155E4A6-F356-4276-B988-1C6271B954A3} = {F9D657AC-941F-430B-AAA7-0E0B57E00FE4}
		{E38DFD22-E1EB-4C9D-ADE5-0CF0F09D8C86} = {E0666F10-2664-46D6-9F81-A7096807A0F1}
		{D0CEC342-6786-4FB0-9BAB-47F70C963335} = {A69D4B5E-4C4E-4DC8-A5DE-E058DD51A717}
		{938B9051-570F-4653-9C30-765518B6AC52} = {456E39EC-A4AD-4B40-8F4D-33246B46F929}
		{A9B25561-2163-4CF1-AAFB-B22DCEB412EF} = {456E39EC-A4AD-4B40-8F4D-33246B46F929}
		{BB92EB45-42CF-42EE-8F2D-C61C098D59CD} = {9009466F-6043-4769-91E7-FD6D532F9152}
		{35FE47D0-2D63-4810-BEB3-AC06C407D615} = {6D77697B-F5FF-4B3A-8288-A0E92CE1833F}
		{DCE6D258-F2D2-4C3C-BB0A-97EED9DFAD11} = {9009466F-6043-4769-91E7-FD6D532F9152}
		{7F712262-D52B-4ABF-854A-9B8FB4B53699} = {9009466F-6043-4769-91E7-FD6D532F9152}
		{EAD71000-48B4-4911-A4E3-8345C8F7591F} = {B9303CFE-C742-474E-AAE9-3D05B57C7125}
		{B468BF14-2F1D-4CC3-B224-7A004883AA28} = {B9303CFE-C742-474E-AAE9-3D05B57C7125}
		{B73E7ED2-D660-4729-AB72-3562748D4F64} = {F9D657AC-941F-430B-AAA7-0E0B57E00FE4}
		{99F1029D-0417-483D-A1E3-B74AE61664EC} = {B9303CFE-C742-474E-AAE9-3D05B57C7125}
		{583F2D41-1833-40F7-AC04-6BDC52EEB754} = {F9D657AC-941F-430B-AAA7-0E0B57E00FE4}
	EndGlobalSection
	GlobalSection(ExtensibilityGlobals) = postSolution
		SolutionGuid = {AAFCE9DE-4A00-442F-BF06-5E94E43D8FEB}
	EndGlobalSection
EndGlobal
